// !$*UTF8*$!
{
	archiveVersion = 1;
	classes = {
	};
	objectVersion = 50;
	objects = {

/* Begin PBXBuildFile section */
		848F646D26E28297008358A3 /* AppDelegate.swift in Sources */ = {isa = PBXBuildFile; fileRef = 848F646C26E28297008358A3 /* AppDelegate.swift */; };
		848F646F26E28297008358A3 /* SceneDelegate.swift in Sources */ = {isa = PBXBuildFile; fileRef = 848F646E26E28297008358A3 /* SceneDelegate.swift */; };
		848F647126E28297008358A3 /* ViewController.swift in Sources */ = {isa = PBXBuildFile; fileRef = 848F647026E28297008358A3 /* ViewController.swift */; };
		848F647426E28297008358A3 /* Main.storyboard in Resources */ = {isa = PBXBuildFile; fileRef = 848F647226E28297008358A3 /* Main.storyboard */; };
		848F647626E2829A008358A3 /* Assets.xcassets in Resources */ = {isa = PBXBuildFile; fileRef = 848F647526E2829A008358A3 /* Assets.xcassets */; };
		848F647926E2829A008358A3 /* LaunchScreen.storyboard in Resources */ = {isa = PBXBuildFile; fileRef = 848F647726E2829A008358A3 /* LaunchScreen.storyboard */; };
		848F648426E2829A008358A3 /* PhotoframeTests.swift in Sources */ = {isa = PBXBuildFile; fileRef = 848F648326E2829A008358A3 /* PhotoframeTests.swift */; };
		848F648F26E2829A008358A3 /* PhotoframeUITests.swift in Sources */ = {isa = PBXBuildFile; fileRef = 848F648E26E2829A008358A3 /* PhotoframeUITests.swift */; };
/* End PBXBuildFile section */

/* Begin PBXContainerItemProxy section */
		848F648026E2829A008358A3 /* PBXContainerItemProxy */ = {
			isa = PBXContainerItemProxy;
			containerPortal = 848F646126E28297008358A3 /* Project object */;
			proxyType = 1;
			remoteGlobalIDString = 848F646826E28297008358A3;
			remoteInfo = Photoframe;
		};
		848F648B26E2829A008358A3 /* PBXContainerItemProxy */ = {
			isa = PBXContainerItemProxy;
			containerPortal = 848F646126E28297008358A3 /* Project object */;
			proxyType = 1;
			remoteGlobalIDString = 848F646826E28297008358A3;
			remoteInfo = Photoframe;
		};
/* End PBXContainerItemProxy section */

/* Begin PBXFileReference section */
		848F646926E28297008358A3 /* Photoframe.app */ = {isa = PBXFileReference; explicitFileType = wrapper.application; includeInIndex = 0; path = Photoframe.app; sourceTree = BUILT_PRODUCTS_DIR; };
		848F646C26E28297008358A3 /* AppDelegate.swift */ = {isa = PBXFileReference; lastKnownFileType = sourcecode.swift; path = AppDelegate.swift; sourceTree = "<group>"; };
		848F646E26E28297008358A3 /* SceneDelegate.swift */ = {isa = PBXFileReference; lastKnownFileType = sourcecode.swift; path = SceneDelegate.swift; sourceTree = "<group>"; };
		848F647026E28297008358A3 /* ViewController.swift */ = {isa = PBXFileReference; lastKnownFileType = sourcecode.swift; path = ViewController.swift; sourceTree = "<group>"; };
		848F647326E28297008358A3 /* Base */ = {isa = PBXFileReference; lastKnownFileType = file.storyboard; name = Base; path = Base.lproj/Main.storyboard; sourceTree = "<group>"; };
		848F647526E2829A008358A3 /* Assets.xcassets */ = {isa = PBXFileReference; lastKnownFileType = folder.assetcatalog; path = Assets.xcassets; sourceTree = "<group>"; };
		848F647826E2829A008358A3 /* Base */ = {isa = PBXFileReference; lastKnownFileType = file.storyboard; name = Base; path = Base.lproj/LaunchScreen.storyboard; sourceTree = "<group>"; };
		848F647A26E2829A008358A3 /* Info.plist */ = {isa = PBXFileReference; lastKnownFileType = text.plist.xml; path = Info.plist; sourceTree = "<group>"; };
		848F647F26E2829A008358A3 /* PhotoframeTests.xctest */ = {isa = PBXFileReference; explicitFileType = wrapper.cfbundle; includeInIndex = 0; path = PhotoframeTests.xctest; sourceTree = BUILT_PRODUCTS_DIR; };
		848F648326E2829A008358A3 /* PhotoframeTests.swift */ = {isa = PBXFileReference; lastKnownFileType = sourcecode.swift; path = PhotoframeTests.swift; sourceTree = "<group>"; };
		848F648526E2829A008358A3 /* Info.plist */ = {isa = PBXFileReference; lastKnownFileType = text.plist.xml; path = Info.plist; sourceTree = "<group>"; };
		848F648A26E2829A008358A3 /* PhotoframeUITests.xctest */ = {isa = PBXFileReference; explicitFileType = wrapper.cfbundle; includeInIndex = 0; path = PhotoframeUITests.xctest; sourceTree = BUILT_PRODUCTS_DIR; };
		848F648E26E2829A008358A3 /* PhotoframeUITests.swift */ = {isa = PBXFileReference; lastKnownFileType = sourcecode.swift; path = PhotoframeUITests.swift; sourceTree = "<group>"; };
		848F649026E2829A008358A3 /* Info.plist */ = {isa = PBXFileReference; lastKnownFileType = text.plist.xml; path = Info.plist; sourceTree = "<group>"; };
/* End PBXFileReference section */

/* Begin PBXFrameworksBuildPhase section */
		848F646626E28297008358A3 /* Frameworks */ = {
			isa = PBXFrameworksBuildPhase;
			buildActionMask = 2147483647;
			files = (
			);
			runOnlyForDeploymentPostprocessing = 0;
		};
		848F647C26E2829A008358A3 /* Frameworks */ = {
			isa = PBXFrameworksBuildPhase;
			buildActionMask = 2147483647;
			files = (
			);
			runOnlyForDeploymentPostprocessing = 0;
		};
		848F648726E2829A008358A3 /* Frameworks */ = {
			isa = PBXFrameworksBuildPhase;
			buildActionMask = 2147483647;
			files = (
			);
			runOnlyForDeploymentPostprocessing = 0;
		};
/* End PBXFrameworksBuildPhase section */

/* Begin PBXGroup section */
		848F646026E28297008358A3 = {
			isa = PBXGroup;
			children = (
				848F646B26E28297008358A3 /* Photoframe */,
				848F648226E2829A008358A3 /* PhotoframeTests */,
				848F648D26E2829A008358A3 /* PhotoframeUITests */,
				848F646A26E28297008358A3 /* Products */,
			);
			sourceTree = "<group>";
		};
		848F646A26E28297008358A3 /* Products */ = {
			isa = PBXGroup;
			children = (
				848F646926E28297008358A3 /* Photoframe.app */,
				848F647F26E2829A008358A3 /* PhotoframeTests.xctest */,
				848F648A26E2829A008358A3 /* PhotoframeUITests.xctest */,
			);
			name = Products;
			sourceTree = "<group>";
		};
		848F646B26E28297008358A3 /* Photoframe */ = {
			isa = PBXGroup;
			children = (
				848F646C26E28297008358A3 /* AppDelegate.swift */,
				848F646E26E28297008358A3 /* SceneDelegate.swift */,
				848F647026E28297008358A3 /* ViewController.swift */,
				848F647226E28297008358A3 /* Main.storyboard */,
				848F647526E2829A008358A3 /* Assets.xcassets */,
				848F647726E2829A008358A3 /* LaunchScreen.storyboard */,
				848F647A26E2829A008358A3 /* Info.plist */,
			);
			path = Photoframe;
			sourceTree = "<group>";
		};
		848F648226E2829A008358A3 /* PhotoframeTests */ = {
			isa = PBXGroup;
			children = (
				848F648326E2829A008358A3 /* PhotoframeTests.swift */,
				848F648526E2829A008358A3 /* Info.plist */,
			);
			path = PhotoframeTests;
			sourceTree = "<group>";
		};
		848F648D26E2829A008358A3 /* PhotoframeUITests */ = {
			isa = PBXGroup;
			children = (
				848F648E26E2829A008358A3 /* PhotoframeUITests.swift */,
				848F649026E2829A008358A3 /* Info.plist */,
			);
			path = PhotoframeUITests;
			sourceTree = "<group>";
		};
/* End PBXGroup section */

/* Begin PBXNativeTarget section */
		848F646826E28297008358A3 /* Photoframe */ = {
			isa = PBXNativeTarget;
			buildConfigurationList = 848F649326E2829A008358A3 /* Build configuration list for PBXNativeTarget "Photoframe" */;
			buildPhases = (
				848F646526E28297008358A3 /* Sources */,
				848F646626E28297008358A3 /* Frameworks */,
				848F646726E28297008358A3 /* Resources */,
			);
			buildRules = (
			);
			dependencies = (
			);
			name = Photoframe;
			productName = Photoframe;
			productReference = 848F646926E28297008358A3 /* Photoframe.app */;
			productType = "com.apple.product-type.application";
		};
		848F647E26E2829A008358A3 /* PhotoframeTests */ = {
			isa = PBXNativeTarget;
			buildConfigurationList = 848F649626E2829A008358A3 /* Build configuration list for PBXNativeTarget "PhotoframeTests" */;
			buildPhases = (
				848F647B26E2829A008358A3 /* Sources */,
				848F647C26E2829A008358A3 /* Frameworks */,
				848F647D26E2829A008358A3 /* Resources */,
			);
			buildRules = (
			);
			dependencies = (
				848F648126E2829A008358A3 /* PBXTargetDependency */,
			);
			name = PhotoframeTests;
			productName = PhotoframeTests;
			productReference = 848F647F26E2829A008358A3 /* PhotoframeTests.xctest */;
			productType = "com.apple.product-type.bundle.unit-test";
		};
		848F648926E2829A008358A3 /* PhotoframeUITests */ = {
			isa = PBXNativeTarget;
			buildConfigurationList = 848F649926E2829A008358A3 /* Build configuration list for PBXNativeTarget "PhotoframeUITests" */;
			buildPhases = (
				848F648626E2829A008358A3 /* Sources */,
				848F648726E2829A008358A3 /* Frameworks */,
				848F648826E2829A008358A3 /* Resources */,
			);
			buildRules = (
			);
			dependencies = (
				848F648C26E2829A008358A3 /* PBXTargetDependency */,
			);
			name = PhotoframeUITests;
			productName = PhotoframeUITests;
			productReference = 848F648A26E2829A008358A3 /* PhotoframeUITests.xctest */;
			productType = "com.apple.product-type.bundle.ui-testing";
		};
/* End PBXNativeTarget section */

/* Begin PBXProject section */
		848F646126E28297008358A3 /* Project object */ = {
			isa = PBXProject;
			attributes = {
				LastSwiftUpdateCheck = 1250;
				LastUpgradeCheck = 1250;
				TargetAttributes = {
					848F646826E28297008358A3 = {
						CreatedOnToolsVersion = 12.5.1;
					};
					848F647E26E2829A008358A3 = {
						CreatedOnToolsVersion = 12.5.1;
						TestTargetID = 848F646826E28297008358A3;
					};
					848F648926E2829A008358A3 = {
						CreatedOnToolsVersion = 12.5.1;
						TestTargetID = 848F646826E28297008358A3;
					};
				};
			};
			buildConfigurationList = 848F646426E28297008358A3 /* Build configuration list for PBXProject "Photoframe" */;
			compatibilityVersion = "Xcode 9.3";
			developmentRegion = en;
			hasScannedForEncodings = 0;
			knownRegions = (
				en,
				Base,
			);
			mainGroup = 848F646026E28297008358A3;
			productRefGroup = 848F646A26E28297008358A3 /* Products */;
			projectDirPath = "";
			projectRoot = "";
			targets = (
				848F646826E28297008358A3 /* Photoframe */,
				848F647E26E2829A008358A3 /* PhotoframeTests */,
				848F648926E2829A008358A3 /* PhotoframeUITests */,
			);
		};
/* End PBXProject section */

/* Begin PBXResourcesBuildPhase section */
		848F646726E28297008358A3 /* Resources */ = {
			isa = PBXResourcesBuildPhase;
			buildActionMask = 2147483647;
			files = (
				848F647926E2829A008358A3 /* LaunchScreen.storyboard in Resources */,
				848F647626E2829A008358A3 /* Assets.xcassets in Resources */,
				848F647426E28297008358A3 /* Main.storyboard in Resources */,
			);
			runOnlyForDeploymentPostprocessing = 0;
		};
		848F647D26E2829A008358A3 /* Resources */ = {
			isa = PBXResourcesBuildPhase;
			buildActionMask = 2147483647;
			files = (
			);
			runOnlyForDeploymentPostprocessing = 0;
		};
		848F648826E2829A008358A3 /* Resources */ = {
			isa = PBXResourcesBuildPhase;
			buildActionMask = 2147483647;
			files = (
			);
			runOnlyForDeploymentPostprocessing = 0;
		};
/* End PBXResourcesBuildPhase section */

/* Begin PBXSourcesBuildPhase section */
		848F646526E28297008358A3 /* Sources */ = {
			isa = PBXSourcesBuildPhase;
			buildActionMask = 2147483647;
			files = (
				848F647126E28297008358A3 /* ViewController.swift in Sources */,
				848F646D26E28297008358A3 /* AppDelegate.swift in Sources */,
				848F646F26E28297008358A3 /* SceneDelegate.swift in Sources */,
			);
			runOnlyForDeploymentPostprocessing = 0;
		};
		848F647B26E2829A008358A3 /* Sources */ = {
			isa = PBXSourcesBuildPhase;
			buildActionMask = 2147483647;
			files = (
				848F648426E2829A008358A3 /* PhotoframeTests.swift in Sources */,
			);
			runOnlyForDeploymentPostprocessing = 0;
		};
		848F648626E2829A008358A3 /* Sources */ = {
			isa = PBXSourcesBuildPhase;
			buildActionMask = 2147483647;
			files = (
				848F648F26E2829A008358A3 /* PhotoframeUITests.swift in Sources */,
			);
			runOnlyForDeploymentPostprocessing = 0;
		};
/* End PBXSourcesBuildPhase section */

/* Begin PBXTargetDependency section */
		848F648126E2829A008358A3 /* PBXTargetDependency */ = {
			isa = PBXTargetDependency;
			target = 848F646826E28297008358A3 /* Photoframe */;
			targetProxy = 848F648026E2829A008358A3 /* PBXContainerItemProxy */;
		};
		848F648C26E2829A008358A3 /* PBXTargetDependency */ = {
			isa = PBXTargetDependency;
			target = 848F646826E28297008358A3 /* Photoframe */;
			targetProxy = 848F648B26E2829A008358A3 /* PBXContainerItemProxy */;
		};
/* End PBXTargetDependency section */

/* Begin PBXVariantGroup section */
		848F647226E28297008358A3 /* Main.storyboard */ = {
			isa = PBXVariantGroup;
			children = (
				848F647326E28297008358A3 /* Base */,
			);
			name = Main.storyboard;
			sourceTree = "<group>";
		};
		848F647726E2829A008358A3 /* LaunchScreen.storyboard */ = {
			isa = PBXVariantGroup;
			children = (
				848F647826E2829A008358A3 /* Base */,
			);
			name = LaunchScreen.storyboard;
			sourceTree = "<group>";
		};
/* End PBXVariantGroup section */

/* Begin XCBuildConfiguration section */
		848F649126E2829A008358A3 /* Debug */ = {
			isa = XCBuildConfiguration;
			buildSettings = {
				ALWAYS_SEARCH_USER_PATHS = NO;
				CLANG_ANALYZER_NONNULL = YES;
				CLANG_ANALYZER_NUMBER_OBJECT_CONVERSION = YES_AGGRESSIVE;
				CLANG_CXX_LANGUAGE_STANDARD = "gnu++14";
				CLANG_CXX_LIBRARY = "libc++";
				CLANG_ENABLE_MODULES = YES;
				CLANG_ENABLE_OBJC_ARC = YES;
				CLANG_ENABLE_OBJC_WEAK = YES;
				CLANG_WARN_BLOCK_CAPTURE_AUTORELEASING = YES;
				CLANG_WARN_BOOL_CONVERSION = YES;
				CLANG_WARN_COMMA = YES;
				CLANG_WARN_CONSTANT_CONVERSION = YES;
				CLANG_WARN_DEPRECATED_OBJC_IMPLEMENTATIONS = YES;
				CLANG_WARN_DIRECT_OBJC_ISA_USAGE = YES_ERROR;
				CLANG_WARN_DOCUMENTATION_COMMENTS = YES;
				CLANG_WARN_EMPTY_BODY = YES;
				CLANG_WARN_ENUM_CONVERSION = YES;
				CLANG_WARN_INFINITE_RECURSION = YES;
				CLANG_WARN_INT_CONVERSION = YES;
				CLANG_WARN_NON_LITERAL_NULL_CONVERSION = YES;
				CLANG_WARN_OBJC_IMPLICIT_RETAIN_SELF = YES;
				CLANG_WARN_OBJC_LITERAL_CONVERSION = YES;
				CLANG_WARN_OBJC_ROOT_CLASS = YES_ERROR;
				CLANG_WARN_QUOTED_INCLUDE_IN_FRAMEWORK_HEADER = YES;
				CLANG_WARN_RANGE_LOOP_ANALYSIS = YES;
				CLANG_WARN_STRICT_PROTOTYPES = YES;
				CLANG_WARN_SUSPICIOUS_MOVE = YES;
				CLANG_WARN_UNGUARDED_AVAILABILITY = YES_AGGRESSIVE;
				CLANG_WARN_UNREACHABLE_CODE = YES;
				CLANG_WARN__DUPLICATE_METHOD_MATCH = YES;
				COPY_PHASE_STRIP = NO;
				DEBUG_INFORMATION_FORMAT = dwarf;
				ENABLE_STRICT_OBJC_MSGSEND = YES;
				ENABLE_TESTABILITY = YES;
				GCC_C_LANGUAGE_STANDARD = gnu11;
				GCC_DYNAMIC_NO_PIC = NO;
				GCC_NO_COMMON_BLOCKS = YES;
				GCC_OPTIMIZATION_LEVEL = 0;
				GCC_PREPROCESSOR_DEFINITIONS = (
					"DEBUG=1",
					"$(inherited)",
				);
				GCC_WARN_64_TO_32_BIT_CONVERSION = YES;
				GCC_WARN_ABOUT_RETURN_TYPE = YES_ERROR;
				GCC_WARN_UNDECLARED_SELECTOR = YES;
				GCC_WARN_UNINITIALIZED_AUTOS = YES_AGGRESSIVE;
				GCC_WARN_UNUSED_FUNCTION = YES;
				GCC_WARN_UNUSED_VARIABLE = YES;
				IPHONEOS_DEPLOYMENT_TARGET = 14.5;
				MTL_ENABLE_DEBUG_INFO = INCLUDE_SOURCE;
				MTL_FAST_MATH = YES;
				ONLY_ACTIVE_ARCH = YES;
				SDKROOT = iphoneos;
				SWIFT_ACTIVE_COMPILATION_CONDITIONS = DEBUG;
				SWIFT_OPTIMIZATION_LEVEL = "-Onone";
			};
			name = Debug;
		};
		848F649226E2829A008358A3 /* Release */ = {
			isa = XCBuildConfiguration;
			buildSettings = {
				ALWAYS_SEARCH_USER_PATHS = NO;
				CLANG_ANALYZER_NONNULL = YES;
				CLANG_ANALYZER_NUMBER_OBJECT_CONVERSION = YES_AGGRESSIVE;
				CLANG_CXX_LANGUAGE_STANDARD = "gnu++14";
				CLANG_CXX_LIBRARY = "libc++";
				CLANG_ENABLE_MODULES = YES;
				CLANG_ENABLE_OBJC_ARC = YES;
				CLANG_ENABLE_OBJC_WEAK = YES;
				CLANG_WARN_BLOCK_CAPTURE_AUTORELEASING = YES;
				CLANG_WARN_BOOL_CONVERSION = YES;
				CLANG_WARN_COMMA = YES;
				CLANG_WARN_CONSTANT_CONVERSION = YES;
				CLANG_WARN_DEPRECATED_OBJC_IMPLEMENTATIONS = YES;
				CLANG_WARN_DIRECT_OBJC_ISA_USAGE = YES_ERROR;
				CLANG_WARN_DOCUMENTATION_COMMENTS = YES;
				CLANG_WARN_EMPTY_BODY = YES;
				CLANG_WARN_ENUM_CONVERSION = YES;
				CLANG_WARN_INFINITE_RECURSION = YES;
				CLANG_WARN_INT_CONVERSION = YES;
				CLANG_WARN_NON_LITERAL_NULL_CONVERSION = YES;
				CLANG_WARN_OBJC_IMPLICIT_RETAIN_SELF = YES;
				CLANG_WARN_OBJC_LITERAL_CONVERSION = YES;
				CLANG_WARN_OBJC_ROOT_CLASS = YES_ERROR;
				CLANG_WARN_QUOTED_INCLUDE_IN_FRAMEWORK_HEADER = YES;
				CLANG_WARN_RANGE_LOOP_ANALYSIS = YES;
				CLANG_WARN_STRICT_PROTOTYPES = YES;
				CLANG_WARN_SUSPICIOUS_MOVE = YES;
				CLANG_WARN_UNGUARDED_AVAILABILITY = YES_AGGRESSIVE;
				CLANG_WARN_UNREACHABLE_CODE = YES;
				CLANG_WARN__DUPLICATE_METHOD_MATCH = YES;
				COPY_PHASE_STRIP = NO;
				DEBUG_INFORMATION_FORMAT = "dwarf-with-dsym";
				ENABLE_NS_ASSERTIONS = NO;
				ENABLE_STRICT_OBJC_MSGSEND = YES;
				GCC_C_LANGUAGE_STANDARD = gnu11;
				GCC_NO_COMMON_BLOCKS = YES;
				GCC_WARN_64_TO_32_BIT_CONVERSION = YES;
				GCC_WARN_ABOUT_RETURN_TYPE = YES_ERROR;
				GCC_WARN_UNDECLARED_SELECTOR = YES;
				GCC_WARN_UNINITIALIZED_AUTOS = YES_AGGRESSIVE;
				GCC_WARN_UNUSED_FUNCTION = YES;
				GCC_WARN_UNUSED_VARIABLE = YES;
				IPHONEOS_DEPLOYMENT_TARGET = 14.5;
				MTL_ENABLE_DEBUG_INFO = NO;
				MTL_FAST_MATH = YES;
				SDKROOT = iphoneos;
				SWIFT_COMPILATION_MODE = wholemodule;
				SWIFT_OPTIMIZATION_LEVEL = "-O";
				VALIDATE_PRODUCT = YES;
			};
			name = Release;
		};
		848F649426E2829A008358A3 /* Debug */ = {
			isa = XCBuildConfiguration;
			buildSettings = {
				ASSETCATALOG_COMPILER_APPICON_NAME = AppIcon;
				ASSETCATALOG_COMPILER_GLOBAL_ACCENT_COLOR_NAME = AccentColor;
				CODE_SIGN_STYLE = Automatic;
				INFOPLIST_FILE = Photoframe/Info.plist;
				LD_RUNPATH_SEARCH_PATHS = (
					"$(inherited)",
					"@executable_path/Frameworks",
				);
				PRODUCT_BUNDLE_IDENTIFIER = com.example.Photoframe;
				PRODUCT_NAME = "$(TARGET_NAME)";
				SWIFT_VERSION = 5.0;
				TARGETED_DEVICE_FAMILY = "1,2";
			};
			name = Debug;
		};
		848F649526E2829A008358A3 /* Release */ = {
			isa = XCBuildConfiguration;
			buildSettings = {
				ASSETCATALOG_COMPILER_APPICON_NAME = AppIcon;
				ASSETCATALOG_COMPILER_GLOBAL_ACCENT_COLOR_NAME = AccentColor;
				CODE_SIGN_STYLE = Automatic;
				INFOPLIST_FILE = Photoframe/Info.plist;
				LD_RUNPATH_SEARCH_PATHS = (
					"$(inherited)",
					"@executable_path/Frameworks",
				);
				PRODUCT_BUNDLE_IDENTIFIER = com.example.Photoframe;
				PRODUCT_NAME = "$(TARGET_NAME)";
				SWIFT_VERSION = 5.0;
				TARGETED_DEVICE_FAMILY = "1,2";
			};
			name = Release;
		};
		848F649726E2829A008358A3 /* Debug */ = {
			isa = XCBuildConfiguration;
			buildSettings = {
				ALWAYS_EMBED_SWIFT_STANDARD_LIBRARIES = YES;
				BUNDLE_LOADER = "$(TEST_HOST)";
				CODE_SIGN_STYLE = Automatic;
				INFOPLIST_FILE = PhotoframeTests/Info.plist;
				IPHONEOS_DEPLOYMENT_TARGET = 14.5;
				LD_RUNPATH_SEARCH_PATHS = (
					"$(inherited)",
					"@executable_path/Frameworks",
					"@loader_path/Frameworks",
				);
				PRODUCT_BUNDLE_IDENTIFIER = com.example.PhotoframeTests;
				PRODUCT_NAME = "$(TARGET_NAME)";
				SWIFT_VERSION = 5.0;
				TARGETED_DEVICE_FAMILY = "1,2";
				TEST_HOST = "$(BUILT_PRODUCTS_DIR)/Photoframe.app/Photoframe";
			};
			name = Debug;
		};
		848F649826E2829A008358A3 /* Release */ = {
			isa = XCBuildConfiguration;
			buildSettings = {
				ALWAYS_EMBED_SWIFT_STANDARD_LIBRARIES = YES;
				BUNDLE_LOADER = "$(TEST_HOST)";
				CODE_SIGN_STYLE = Automatic;
				INFOPLIST_FILE = PhotoframeTests/Info.plist;
				IPHONEOS_DEPLOYMENT_TARGET = 14.5;
				LD_RUNPATH_SEARCH_PATHS = (
					"$(inherited)",
					"@executable_path/Frameworks",
					"@loader_path/Frameworks",
				);
				PRODUCT_BUNDLE_IDENTIFIER = com.example.PhotoframeTests;
				PRODUCT_NAME = "$(TARGET_NAME)";
				SWIFT_VERSION = 5.0;
				TARGETED_DEVICE_FAMILY = "1,2";
				TEST_HOST = "$(BUILT_PRODUCTS_DIR)/Photoframe.app/Photoframe";
			};
			name = Release;
		};
		848F649A26E2829A008358A3 /* Debug */ = {
			isa = XCBuildConfiguration;
			buildSettings = {
				ALWAYS_EMBED_SWIFT_STANDARD_LIBRARIES = YES;
				CODE_SIGN_STYLE = Automatic;
				INFOPLIST_FILE = PhotoframeUITests/Info.plist;
				LD_RUNPATH_SEARCH_PATHS = (
					"$(inherited)",
					"@executable_path/Frameworks",
					"@loader_path/Frameworks",
				);
				PRODUCT_BUNDLE_IDENTIFIER = com.example.PhotoframeUITests;
				PRODUCT_NAME = "$(TARGET_NAME)";
				SWIFT_VERSION = 5.0;
				TARGETED_DEVICE_FAMILY = "1,2";
				TEST_TARGET_NAME = Photoframe;
			};
			name = Debug;
		};
		848F649B26E2829A008358A3 /* Release */ = {
			isa = XCBuildConfiguration;
			buildSettings = {
				ALWAYS_EMBED_SWIFT_STANDARD_LIBRARIES = YES;
				CODE_SIGN_STYLE = Automatic;
				INFOPLIST_FILE = PhotoframeUITests/Info.plist;
				LD_RUNPATH_SEARCH_PATHS = (
					"$(inherited)",
					"@executable_path/Frameworks",
					"@loader_path/Frameworks",
				);
				PRODUCT_BUNDLE_IDENTIFIER = com.example.PhotoframeUITests;
				PRODUCT_NAME = "$(TARGET_NAME)";
				SWIFT_VERSION = 5.0;
				TARGETED_DEVICE_FAMILY = "1,2";
				TEST_TARGET_NAME = Photoframe;
			};
			name = Release;
		};
/* End XCBuildConfiguration section */

/* Begin XCConfigurationList section */
		848F646426E28297008358A3 /* Build configuration list for PBXProject "Photoframe" */ = {
			isa = XCConfigurationList;
			buildConfigurations = (
				848F649126E2829A008358A3 /* Debug */,
				848F649226E2829A008358A3 /* Release */,
			);
			defaultConfigurationIsVisible = 0;
			defaultConfigurationName = Release;
		};
		848F649326E2829A008358A3 /* Build configuration list for PBXNativeTarget "Photoframe" */ = {
			isa = XCConfigurationList;
			buildConfigurations = (
				848F649426E2829A008358A3 /* Debug */,
				848F649526E2829A008358A3 /* Release */,
			);
			defaultConfigurationIsVisible = 0;
			defaultConfigurationName = Release;
		};
		848F649626E2829A008358A3 /* Build configuration list for PBXNativeTarget "PhotoframeTests" */ = {
			isa = XCConfigurationList;
			buildConfigurations = (
				848F649726E2829A008358A3 /* Debug */,
				848F649826E2829A008358A3 /* Release */,
			);
			defaultConfigurationIsVisible = 0;
			defaultConfigurationName = Release;
		};
		848F649926E2829A008358A3 /* Build configuration list for PBXNativeTarget "PhotoframeUITests" */ = {
			isa = XCConfigurationList;
			buildConfigurations = (
				848F649A26E2829A008358A3 /* Debug */,
				848F649B26E2829A008358A3 /* Release */,
			);
			defaultConfigurationIsVisible = 0;
			defaultConfigurationName = Release;
		};
/* End XCConfigurationList section */
	};
	rootObject = 848F646126E28297008358A3 /* Project object */;
}
